<?xml version="1.0" encoding="utf-8"?>
<Project ToolsVersion="4.0" xmlns="http://schemas.microsoft.com/developer/msbuild/2003">
  <ItemGroup>
    <Filter Include="Source Files">
      <UniqueIdentifier>{4FC737F1-C7A5-4376-A066-2A32D752A2FF}</UniqueIdentifier>
      <Extensions>cpp;c;cc;cxx;c++;cppm;ixx;def;odl;idl;hpj;bat;asm;asmx</Extensions>
    </Filter>
    <Filter Include="Header Files">
      <UniqueIdentifier>{93995380-89BD-4b04-88EB-625FBE52EBFB}</UniqueIdentifier>
      <Extensions>h;hh;hpp;hxx;h++;hm;inl;inc;ipp;xsd</Extensions>
    </Filter>
    <Filter Include="Source Files\ds">
      <UniqueIdentifier>{48e41408-56e3-4fb9-9d88-551baadab933}</UniqueIdentifier>
    </Filter>
    <Filter Include="Source Files\algebra">
      <UniqueIdentifier>{f8045d16-909a-45f3-9ad2-c20efd58ef84}</UniqueIdentifier>
    </Filter>
    <Filter Include="Source Files\other">
      <UniqueIdentifier>{f3ee865b-a6f0-4cd8-a8f0-697c247a1730}</UniqueIdentifier>
    </Filter>
    <Filter Include="Source Files\string">
      <UniqueIdentifier>{e0e561fe-5de7-4047-a218-c8c4bd559dcf}</UniqueIdentifier>
    </Filter>
    <Filter Include="Source Files\graph">
      <UniqueIdentifier>{42c5508a-c68d-4c84-8499-f087d2b8b25c}</UniqueIdentifier>
    </Filter>
  </ItemGroup>
  <ItemGroup>
    <ClCompile Include="solution.cpp">
      <Filter>Source Files</Filter>
    </ClCompile>
    <ClCompile Include="ds\std.cpp">
      <Filter>Source Files\ds</Filter>
    </ClCompile>
    <ClCompile Include="ds\utils.cpp">
      <Filter>Source Files\ds</Filter>
    </ClCompile>
    <ClCompile Include="algebra\fast_power.cpp">
      <Filter>Source Files\algebra</Filter>
    </ClCompile>
    <ClCompile Include="other\lis.cpp">
      <Filter>Source Files\other</Filter>
    </ClCompile>
    <ClCompile Include="string\kmp.cpp">
      <Filter>Source Files\string</Filter>
    </ClCompile>
    <ClCompile Include="string\z.cpp">
      <Filter>Source Files\string</Filter>
    </ClCompile>
    <ClCompile Include="string\hash.cpp">
      <Filter>Source Files\string</Filter>
    </ClCompile>
    <ClCompile Include="algebra\euclid.cpp">
      <Filter>Source Files\algebra</Filter>
    </ClCompile>
    <ClCompile Include="graph\bfs.cpp">
      <Filter>Source Files\graph</Filter>
    </ClCompile>
    <ClCompile Include="graph\shortest_path.cpp">
      <Filter>Source Files\graph</Filter>
    </ClCompile>
  </ItemGroup>
</Project>